
Microsoft Visual Studio Solution File, Format Version 12.00
# Visual Studio Version 17
VisualStudioVersion = 17.3.32811.315
MinimumVisualStudioVersion = 10.0.40219.1
Project("{FAE04EC0-301F-11D3-BF4B-00C04F79EFBC}") = "Övning 3.5 2", "Övning 3.5 2\Övning 3.5 2.csproj", "{758B22A0-D41D-43A3-B729-8D405946DF3C}"
EndProject
Global
	GlobalSection(SolutionConfigurationPlatforms) = preSolution
		Debug|Any CPU = Debug|Any CPU
		Release|Any CPU = Release|Any CPU
	EndGlobalSection
	GlobalSection(ProjectConfigurationPlatforms) = postSolution
		{758B22A0-D41D-43A3-B729-8D405946DF3C}.Debug|Any CPU.ActiveCfg = Debug|Any CPU
		{758B22A0-D41D-43A3-B729-8D405946DF3C}.Debug|Any CPU.Build.0 = Debug|Any CPU
		{758B22A0-D41D-43A3-B729-8D405946DF3C}.Release|Any CPU.ActiveCfg = Release|Any CPU
		{758B22A0-D41D-43A3-B729-8D405946DF3C}.Release|Any CPU.Build.0 = Release|Any CPU
	EndGlobalSection
	GlobalSection(SolutionProperties) = preSolution
		HideSolutionNode = FALSE
	EndGlobalSection
	GlobalSection(ExtensibilityGlobals) = postSolution
		SolutionGuid = {08E4CE49-7CA7-42E5-BBC8-56F86DA2F17D}
	EndGlobalSection
EndGlobal
