
Microsoft Visual Studio Solution File, Format Version 12.00
# Visual Studio Version 17
VisualStudioVersion = 17.3.32929.385
MinimumVisualStudioVersion = 10.0.40219.1
Project("{FAE04EC0-301F-11D3-BF4B-00C04F79EFBC}") = "Uppgift 9.3", "Uppgift 9.3\Uppgift 9.3.csproj", "{0714464F-9D8B-4994-B476-186D211BF3AB}"
EndProject
Global
	GlobalSection(SolutionConfigurationPlatforms) = preSolution
		Debug|Any CPU = Debug|Any CPU
		Release|Any CPU = Release|Any CPU
	EndGlobalSection
	GlobalSection(ProjectConfigurationPlatforms) = postSolution
		{0714464F-9D8B-4994-B476-186D211BF3AB}.Debug|Any CPU.ActiveCfg = Debug|Any CPU
		{0714464F-9D8B-4994-B476-186D211BF3AB}.Debug|Any CPU.Build.0 = Debug|Any CPU
		{0714464F-9D8B-4994-B476-186D211BF3AB}.Release|Any CPU.ActiveCfg = Release|Any CPU
		{0714464F-9D8B-4994-B476-186D211BF3AB}.Release|Any CPU.Build.0 = Release|Any CPU
	EndGlobalSection
	GlobalSection(SolutionProperties) = preSolution
		HideSolutionNode = FALSE
	EndGlobalSection
	GlobalSection(ExtensibilityGlobals) = postSolution
		SolutionGuid = {46D2D03D-77E3-4453-B615-5ED7B0541E26}
	EndGlobalSection
EndGlobal
