
Microsoft Visual Studio Solution File, Format Version 12.00
# Visual Studio Version 17
VisualStudioVersion = 17.3.32929.385
MinimumVisualStudioVersion = 10.0.40219.1
Project("{FAE04EC0-301F-11D3-BF4B-00C04F79EFBC}") = "Mini projekt Yatzy", "Mini projekt Yatzy\Mini projekt Yatzy.csproj", "{4C2730AC-D703-4E8C-A5F1-4C853C26749C}"
EndProject
Global
	GlobalSection(SolutionConfigurationPlatforms) = preSolution
		Debug|Any CPU = Debug|Any CPU
		Release|Any CPU = Release|Any CPU
	EndGlobalSection
	GlobalSection(ProjectConfigurationPlatforms) = postSolution
		{4C2730AC-D703-4E8C-A5F1-4C853C26749C}.Debug|Any CPU.ActiveCfg = Debug|Any CPU
		{4C2730AC-D703-4E8C-A5F1-4C853C26749C}.Debug|Any CPU.Build.0 = Debug|Any CPU
		{4C2730AC-D703-4E8C-A5F1-4C853C26749C}.Release|Any CPU.ActiveCfg = Release|Any CPU
		{4C2730AC-D703-4E8C-A5F1-4C853C26749C}.Release|Any CPU.Build.0 = Release|Any CPU
	EndGlobalSection
	GlobalSection(SolutionProperties) = preSolution
		HideSolutionNode = FALSE
	EndGlobalSection
	GlobalSection(ExtensibilityGlobals) = postSolution
		SolutionGuid = {501FB1B0-2AE7-4DAF-8B21-C29CE895C7A3}
	EndGlobalSection
EndGlobal
